
Microsoft Visual Studio Solution File, Format Version 12.00
# Visual Studio 15
VisualStudioVersion = 15.0.28307.329
MinimumVisualStudioVersion = 10.0.40219.1
Project("{8BC9CEB8-8B4A-11D0-8D11-00A0C91BC942}") = "hybridInheritance", "hybridInheritance\hybridInheritance.vcxproj", "{35EE9133-1D2D-41BB-9585-0250997AA1C1}"
EndProject
Global
	GlobalSection(SolutionConfigurationPlatforms) = preSolution
		Debug|x64 = Debug|x64
		Debug|x86 = Debug|x86
		Release|x64 = Release|x64
		Release|x86 = Release|x86
	EndGlobalSection
	GlobalSection(ProjectConfigurationPlatforms) = postSolution
		{35EE9133-1D2D-41BB-9585-0250997AA1C1}.Debug|x64.ActiveCfg = Debug|x64
		{35EE9133-1D2D-41BB-9585-0250997AA1C1}.Debug|x64.Build.0 = Debug|x64
		{35EE9133-1D2D-41BB-9585-0250997AA1C1}.Debug|x86.ActiveCfg = Debug|Win32
		{35EE9133-1D2D-41BB-9585-0250997AA1C1}.Debug|x86.Build.0 = Debug|Win32
		{35EE9133-1D2D-41BB-9585-0250997AA1C1}.Release|x64.ActiveCfg = Release|x64
		{35EE9133-1D2D-41BB-9585-0250997AA1C1}.Release|x64.Build.0 = Release|x64
		{35EE9133-1D2D-41BB-9585-0250997AA1C1}.Release|x86.ActiveCfg = Release|Win32
		{35EE9133-1D2D-41BB-9585-0250997AA1C1}.Release|x86.Build.0 = Release|Win32
	EndGlobalSection
	GlobalSection(SolutionProperties) = preSolution
		HideSolutionNode = FALSE
	EndGlobalSection
	GlobalSection(ExtensibilityGlobals) = postSolution
		SolutionGuid = {FE549D70-F7EB-40C2-9C1B-6223539545FD}
	EndGlobalSection
EndGlobal
