
Microsoft Visual Studio Solution File, Format Version 12.00
# Visual Studio 15
VisualStudioVersion = 15.0.28307.329
MinimumVisualStudioVersion = 10.0.40219.1
Project("{8BC9CEB8-8B4A-11D0-8D11-00A0C91BC942}") = "cassign4prob13", "cassign4prob13\cassign4prob13.vcxproj", "{EAF87000-937B-497C-9413-91190C21296A}"
EndProject
Global
	GlobalSection(SolutionConfigurationPlatforms) = preSolution
		Debug|x64 = Debug|x64
		Debug|x86 = Debug|x86
		Release|x64 = Release|x64
		Release|x86 = Release|x86
	EndGlobalSection
	GlobalSection(ProjectConfigurationPlatforms) = postSolution
		{EAF87000-937B-497C-9413-91190C21296A}.Debug|x64.ActiveCfg = Debug|x64
		{EAF87000-937B-497C-9413-91190C21296A}.Debug|x64.Build.0 = Debug|x64
		{EAF87000-937B-497C-9413-91190C21296A}.Debug|x86.ActiveCfg = Debug|Win32
		{EAF87000-937B-497C-9413-91190C21296A}.Debug|x86.Build.0 = Debug|Win32
		{EAF87000-937B-497C-9413-91190C21296A}.Release|x64.ActiveCfg = Release|x64
		{EAF87000-937B-497C-9413-91190C21296A}.Release|x64.Build.0 = Release|x64
		{EAF87000-937B-497C-9413-91190C21296A}.Release|x86.ActiveCfg = Release|Win32
		{EAF87000-937B-497C-9413-91190C21296A}.Release|x86.Build.0 = Release|Win32
	EndGlobalSection
	GlobalSection(SolutionProperties) = preSolution
		HideSolutionNode = FALSE
	EndGlobalSection
	GlobalSection(ExtensibilityGlobals) = postSolution
		SolutionGuid = {A7D41728-FF15-4F48-9D10-98D13D87037E}
	EndGlobalSection
EndGlobal
