
Microsoft Visual Studio Solution File, Format Version 12.00
# Visual Studio 15
VisualStudioVersion = 15.0.28307.329
MinimumVisualStudioVersion = 10.0.40219.1
Project("{8BC9CEB8-8B4A-11D0-8D11-00A0C91BC942}") = "cassign3prob1", "cassign3prob1\cassign3prob1.vcxproj", "{4150510A-928F-480A-AF16-C5BFBCC74DB1}"
EndProject
Global
	GlobalSection(SolutionConfigurationPlatforms) = preSolution
		Debug|x64 = Debug|x64
		Debug|x86 = Debug|x86
		Release|x64 = Release|x64
		Release|x86 = Release|x86
	EndGlobalSection
	GlobalSection(ProjectConfigurationPlatforms) = postSolution
		{4150510A-928F-480A-AF16-C5BFBCC74DB1}.Debug|x64.ActiveCfg = Debug|x64
		{4150510A-928F-480A-AF16-C5BFBCC74DB1}.Debug|x64.Build.0 = Debug|x64
		{4150510A-928F-480A-AF16-C5BFBCC74DB1}.Debug|x86.ActiveCfg = Debug|Win32
		{4150510A-928F-480A-AF16-C5BFBCC74DB1}.Debug|x86.Build.0 = Debug|Win32
		{4150510A-928F-480A-AF16-C5BFBCC74DB1}.Release|x64.ActiveCfg = Release|x64
		{4150510A-928F-480A-AF16-C5BFBCC74DB1}.Release|x64.Build.0 = Release|x64
		{4150510A-928F-480A-AF16-C5BFBCC74DB1}.Release|x86.ActiveCfg = Release|Win32
		{4150510A-928F-480A-AF16-C5BFBCC74DB1}.Release|x86.Build.0 = Release|Win32
	EndGlobalSection
	GlobalSection(SolutionProperties) = preSolution
		HideSolutionNode = FALSE
	EndGlobalSection
	GlobalSection(ExtensibilityGlobals) = postSolution
		SolutionGuid = {03F07998-3FF1-45CC-9FA2-C601414D6883}
	EndGlobalSection
EndGlobal
