
Microsoft Visual Studio Solution File, Format Version 12.00
# Visual Studio 15
VisualStudioVersion = 15.0.28307.329
MinimumVisualStudioVersion = 10.0.40219.1
Project("{8BC9CEB8-8B4A-11D0-8D11-00A0C91BC942}") = "vitualFunction", "vitualFunction\vitualFunction.vcxproj", "{F07782C5-4AA0-4104-8D36-FA10118E3078}"
EndProject
Global
	GlobalSection(SolutionConfigurationPlatforms) = preSolution
		Debug|x64 = Debug|x64
		Debug|x86 = Debug|x86
		Release|x64 = Release|x64
		Release|x86 = Release|x86
	EndGlobalSection
	GlobalSection(ProjectConfigurationPlatforms) = postSolution
		{F07782C5-4AA0-4104-8D36-FA10118E3078}.Debug|x64.ActiveCfg = Debug|x64
		{F07782C5-4AA0-4104-8D36-FA10118E3078}.Debug|x64.Build.0 = Debug|x64
		{F07782C5-4AA0-4104-8D36-FA10118E3078}.Debug|x86.ActiveCfg = Debug|Win32
		{F07782C5-4AA0-4104-8D36-FA10118E3078}.Debug|x86.Build.0 = Debug|Win32
		{F07782C5-4AA0-4104-8D36-FA10118E3078}.Release|x64.ActiveCfg = Release|x64
		{F07782C5-4AA0-4104-8D36-FA10118E3078}.Release|x64.Build.0 = Release|x64
		{F07782C5-4AA0-4104-8D36-FA10118E3078}.Release|x86.ActiveCfg = Release|Win32
		{F07782C5-4AA0-4104-8D36-FA10118E3078}.Release|x86.Build.0 = Release|Win32
	EndGlobalSection
	GlobalSection(SolutionProperties) = preSolution
		HideSolutionNode = FALSE
	EndGlobalSection
	GlobalSection(ExtensibilityGlobals) = postSolution
		SolutionGuid = {2A8976D1-A285-475C-AC3E-B03EF6E8C96E}
	EndGlobalSection
EndGlobal
